{
  "name": "xiaobaorobot",
  "version": "1.0.0",
  "lockfileVersion": 1,
  "requires": true,
  "dependencies": {
    "async": {
      "version": "2.1.4",
      "resolved": "http://registry.npm.taobao.org/async/download/async-2.1.4.tgz",
      "dependencies": {
        "lodash": {
          "version": "http://registry.npm.taobao.org/lodash/download/lodash-4.17.10.tgz",
          "bundled": true
        }
      }
    },
    "axios": {
      "version": "0.18.0",
      "resolved": "http://registry.npm.taobao.org/axios/download/axios-0.18.0.tgz",
      "integrity": "sha1-MtU+SFHv3AoRmTts0AB4nXDAUQI=",
      "requires": {
        "follow-redirects": "1.4.1",
        "is-buffer": "1.1.6"
      },
      "dependencies": {
        "debug": {
          "version": "3.1.0",
          "resolved": "http://registry.npm.taobao.org/debug/download/debug-3.1.0.tgz",
          "integrity": "sha1-W7WgZyYotkFJVmuhaBnmFRjGcmE=",
          "requires": {
            "ms": "2.0.0"
          }
        },
        "follow-redirects": {
          "version": "1.4.1",
          "resolved": "http://registry.npm.taobao.org/follow-redirects/download/follow-redirects-1.4.1.tgz",
          "integrity": "sha1-2BIPRRgZD1Wqxlu2/HuF/NZm1qo=",
          "requires": {
            "debug": "3.1.0"
          }
        }
      }
    },
    "bluebird": {
      "version": "3.5.0",
      "resolved": "http://registry.npm.taobao.org/bluebird/download/bluebird-3.5.0.tgz"
    },
    "bson": {
      "version": "1.0.6",
      "resolved": "http://registry.npm.taobao.org/bson/download/bson-1.0.6.tgz"
    },
    "cron-parser": {
      "version": "2.5.0",
      "resolved": "http://registry.npm.taobao.org/cron-parser/download/cron-parser-2.5.0.tgz",
      "dependencies": {
        "is-nan": {
          "version": "http://registry.npm.taobao.org/is-nan/download/is-nan-1.2.1.tgz",
          "bundled": true
        },
        "moment-timezone": {
          "version": "http://registry.npm.taobao.org/moment-timezone/download/moment-timezone-0.5.16.tgz",
          "bundled": true
        }
      }
    },
    "crypto-random-string": {
      "version": "1.0.0",
      "resolved": "http://registry.npm.taobao.org/crypto-random-string/download/crypto-random-string-1.0.0.tgz",
      "integrity": "sha1-ojD2T1aDEOFJgAmUB5DsmVRbyn4="
    },
    "date-time": {
      "version": "2.1.0",
      "resolved": "http://registry.npm.taobao.org/date-time/download/date-time-2.1.0.tgz",
      "dependencies": {
        "time-zone": {
          "version": "http://registry.npm.taobao.org/time-zone/download/time-zone-1.0.0.tgz",
          "bundled": true
        }
      }
    },
    "dayjs": {
      "version": "1.5.20",
      "resolved": "http://registry.npm.taobao.org/dayjs/download/dayjs-1.5.20.tgz"
    },
    "is-buffer": {
      "version": "1.1.6",
      "resolved": "http://registry.npm.taobao.org/is-buffer/download/is-buffer-1.1.6.tgz"
    },
    "mongodb": {
      "version": "3.0.7",
      "resolved": "http://registry.npm.taobao.org/mongodb/download/mongodb-3.0.7.tgz",
      "dependencies": {
        "mongodb-core": {
          "version": "http://registry.npm.taobao.org/mongodb-core/download/mongodb-core-3.0.7.tgz",
          "bundled": true
        }
      }
    },
    "mongoose": {
      "version": "5.0.17",
      "resolved": "http://registry.npm.taobao.org/mongoose/download/mongoose-5.0.17.tgz",
      "integrity": "sha1-fHDmY7isVnRgkC3KY267WfNqVAo=",
      "requires": {
        "async": "2.1.4",
        "bson": "1.0.6",
        "kareem": "2.0.7",
        "lodash.get": "4.4.2",
        "mongodb": "3.0.7",
        "mongoose-legacy-pluralize": "1.0.2",
        "mpath": "0.4.1",
        "mquery": "3.0.0",
        "ms": "2.0.0",
        "regexp-clone": "0.0.1",
        "sliced": "1.0.1"
      },
      "dependencies": {
        "debug": {
          "version": "2.6.9",
          "resolved": "http://registry.npm.taobao.org/debug/download/debug-2.6.9.tgz",
          "integrity": "sha1-XRKFFd8TT/Mn6QpMk/Tgd6U2NB8=",
          "requires": {
            "ms": "2.0.0"
          }
        },
        "kareem": {
          "version": "2.0.7",
          "resolved": "http://registry.npm.taobao.org/kareem/download/kareem-2.0.7.tgz",
          "integrity": "sha1-jSYDZqTfQjbOzOwxj88QwXxb6yI="
        },
        "lodash.get": {
          "version": "4.4.2",
          "resolved": "http://registry.npm.taobao.org/lodash.get/download/lodash.get-4.4.2.tgz",
          "integrity": "sha1-LRd/ZS+jHpObRDjVNBSZ36OCXpk="
        },
        "mongoose-legacy-pluralize": {
          "version": "1.0.2",
          "resolved": "http://registry.npm.taobao.org/mongoose-legacy-pluralize/download/mongoose-legacy-pluralize-1.0.2.tgz",
          "integrity": "sha1-O6n5H6UHtRhtOZ+0CFS/8Y+1Y+Q="
        },
        "mpath": {
          "version": "0.4.1",
          "resolved": "http://registry.npm.taobao.org/mpath/download/mpath-0.4.1.tgz",
          "integrity": "sha1-7RA4hDA4C/e7tb4TkeXWlpywjok="
        },
        "mquery": {
          "version": "3.0.0",
          "resolved": "http://registry.npm.taobao.org/mquery/download/mquery-3.0.0.tgz",
          "integrity": "sha1-5fOH26vAubaYWeVQ6BD6q+DOq7A=",
          "requires": {
            "bluebird": "3.5.0",
            "debug": "2.6.9",
            "regexp-clone": "0.0.1",
            "sliced": "0.0.5"
          },
          "dependencies": {
            "sliced": {
              "version": "0.0.5",
              "resolved": "http://registry.npm.taobao.org/sliced/download/sliced-0.0.5.tgz",
              "integrity": "sha1-XtwETKTrb3gW1Qui/GPiXY/kcH8="
            }
          }
        },
        "regexp-clone": {
          "version": "0.0.1",
          "resolved": "http://registry.npm.taobao.org/regexp-clone/download/regexp-clone-0.0.1.tgz",
          "integrity": "sha1-p8LgmJH9vzj7sQ03b7cwA+aKxYk="
        },
        "sliced": {
          "version": "1.0.1",
          "resolved": "http://registry.npm.taobao.org/sliced/download/sliced-1.0.1.tgz",
          "integrity": "sha1-CzpmK10Ewxd7GSa+qCsD+Dei70E="
        }
      }
    },
    "ms": {
      "version": "2.0.0",
      "resolved": "http://registry.npm.taobao.org/ms/download/ms-2.0.0.tgz"
    },
    "node-schedule": {
      "version": "1.3.0",
      "resolved": "http://registry.npm.taobao.org/node-schedule/download/node-schedule-1.3.0.tgz",
      "integrity": "sha1-56foFqfyVQ1bFwvRBudl2yi98DA=",
      "requires": {
        "cron-parser": "2.5.0",
        "long-timeout": "0.1.1",
        "sorted-array-functions": "1.1.0"
      },
      "dependencies": {
        "long-timeout": {
          "version": "0.1.1",
          "resolved": "http://registry.npm.taobao.org/long-timeout/download/long-timeout-0.1.1.tgz",
          "integrity": "sha1-lyHXiLR+C8taJMLivuGg2lXatRQ="
        },
        "sorted-array-functions": {
          "version": "1.1.0",
          "resolved": "http://registry.npm.taobao.org/sorted-array-functions/download/sorted-array-functions-1.1.0.tgz",
          "integrity": "sha1-eP5YCP+hvuusLOmiLXYDnavFmf8="
        }
      }
    },
    "qrcode-terminal": {
      "version": "0.12.0",
      "resolved": "http://registry.npm.taobao.org/qrcode-terminal/download/qrcode-terminal-0.12.0.tgz"
    },
    "wechaty": {
      "version": "0.14.1",
      "resolved": "http://registry.npm.taobao.org/wechaty/download/wechaty-0.14.1.tgz",
      "dependencies": {
        "@types/node": {
          "version": "http://registry.npm.taobao.org/@types/node/download/@types/node-9.6.12.tgz",
          "bundled": true
        },
        "@types/ws": {
          "version": "http://registry.npm.taobao.org/@types/ws/download/@types/ws-4.0.2.tgz",
          "bundled": true,
          "dependencies": {
            "@types/events": {
              "version": "http://registry.npm.taobao.org/@types/events/download/@types/events-1.2.0.tgz",
              "bundled": true
            },
            "@types/node": {
              "version": "http://registry.npm.taobao.org/@types/node/download/@types/node-9.6.12.tgz",
              "bundled": true
            }
          }
        },
        "bl": {
          "version": "http://registry.npm.taobao.org/bl/download/bl-1.2.2.tgz",
          "bundled": true
        },
        "brolog": {
          "version": "http://registry.npm.taobao.org/brolog/download/brolog-1.4.9.tgz",
          "bundled": true
        },
        "hot-import": {
          "version": "http://registry.npm.taobao.org/hot-import/download/hot-import-0.1.27.tgz",
          "bundled": true
        },
        "mime": {
          "version": "http://registry.npm.taobao.org/mime/download/mime-2.3.1.tgz",
          "bundled": true
        },
        "puppeteer": {
          "version": "http://registry.npm.taobao.org/puppeteer/download/puppeteer-1.3.0.tgz",
          "bundled": true,
          "dependencies": {
            "debug": {
              "version": "http://registry.npm.taobao.org/debug/download/debug-2.6.9.tgz",
              "dependencies": {
                "ms": {
                  "version": "http://registry.npm.taobao.org/ms/download/ms-2.0.0.tgz"
                }
              }
            },
            "extract-zip": {
              "version": "http://registry.npm.taobao.org/extract-zip/download/extract-zip-1.6.6.tgz",
              "dependencies": {
                "concat-stream": {
                  "version": "http://registry.npm.taobao.org/concat-stream/download/concat-stream-1.6.0.tgz",
                  "dependencies": {
                    "inherits": {
                      "version": "http://registry.npm.taobao.org/inherits/download/inherits-2.0.3.tgz",
                      "bundled": true
                    },
                    "readable-stream": {
                      "version": "http://registry.npm.taobao.org/readable-stream/download/readable-stream-2.3.6.tgz",
                      "bundled": true,
                      "dependencies": {
                        "core-util-is": {
                          "version": "http://registry.npm.taobao.org/core-util-is/download/core-util-is-1.0.2.tgz",
                          "bundled": true
                        },
                        "inherits": {
                          "version": "http://registry.npm.taobao.org/inherits/download/inherits-2.0.3.tgz",
                          "bundled": true
                        },
                        "isarray": {
                          "version": "http://registry.npm.taobao.org/isarray/download/isarray-1.0.0.tgz",
                          "bundled": true
                        },
                        "process-nextick-args": {
                          "version": "http://registry.npm.taobao.org/process-nextick-args/download/process-nextick-args-2.0.0.tgz",
                          "bundled": true
                        },
                        "safe-buffer": {
                          "version": "http://registry.npm.taobao.org/safe-buffer/download/safe-buffer-5.1.2.tgz",
                          "bundled": true
                        },
                        "string_decoder": {
                          "version": "http://registry.npm.taobao.org/string_decoder/download/string_decoder-1.1.1.tgz",
                          "bundled": true
                        },
                        "util-deprecate": {
                          "version": "http://registry.npm.taobao.org/util-deprecate/download/util-deprecate-1.0.2.tgz",
                          "bundled": true
                        }
                      }
                    },
                    "typedarray": {
                      "version": "http://registry.npm.taobao.org/typedarray/download/typedarray-0.0.6.tgz",
                      "bundled": true
                    }
                  }
                },
                "debug": {
                  "version": "http://registry.npm.taobao.org/debug/download/debug-2.6.9.tgz"
                },
                "mkdirp": {
                  "version": "http://registry.npm.taobao.org/mkdirp/download/mkdirp-0.5.0.tgz"
                },
                "yauzl": {
                  "version": "http://registry.npm.taobao.org/yauzl/download/yauzl-2.4.1.tgz"
                }
              }
            },
            "https-proxy-agent": {
              "version": "http://registry.npm.taobao.org/https-proxy-agent/download/https-proxy-agent-2.2.1.tgz"
            },
            "mime": {
              "version": "http://registry.npm.taobao.org/mime/download/mime-1.6.0.tgz"
            },
            "progress": {
              "version": "http://registry.npm.taobao.org/progress/download/progress-2.0.0.tgz"
            },
            "proxy-from-env": {
              "version": "http://registry.npm.taobao.org/proxy-from-env/download/proxy-from-env-1.0.0.tgz"
            },
            "rimraf": {
              "version": "http://registry.npm.taobao.org/rimraf/download/rimraf-2.6.2.tgz"
            },
            "ws": {
              "version": "http://registry.npm.taobao.org/ws/download/ws-3.3.3.tgz"
            }
          }
        },
        "raven": {
          "version": "http://registry.npm.taobao.org/raven/download/raven-2.6.0.tgz",
          "bundled": true
        },
        "read-pkg-up": {
          "version": "http://registry.npm.taobao.org/read-pkg-up/download/read-pkg-up-3.0.0.tgz",
          "bundled": true,
          "dependencies": {
            "find-up": {
              "version": "http://registry.npm.taobao.org/find-up/download/find-up-2.1.0.tgz",
              "bundled": true,
              "dependencies": {
                "locate-path": {
                  "version": "http://registry.npm.taobao.org/locate-path/download/locate-path-2.0.0.tgz"
                }
              }
            },
            "read-pkg": {
              "version": "http://registry.npm.taobao.org/read-pkg/download/read-pkg-3.0.0.tgz",
              "bundled": true
            }
          }
        },
        "request": {
          "version": "http://registry.npm.taobao.org/request/download/request-2.85.0.tgz",
          "bundled": true,
          "dependencies": {
            "aws-sign2": {
              "version": "http://registry.npm.taobao.org/aws-sign2/download/aws-sign2-0.7.0.tgz",
              "bundled": true
            },
            "aws4": {
              "version": "http://registry.npm.taobao.org/aws4/download/aws4-1.7.0.tgz",
              "bundled": true
            },
            "caseless": {
              "version": "http://registry.npm.taobao.org/caseless/download/caseless-0.12.0.tgz",
              "bundled": true
            },
            "combined-stream": {
              "version": "http://registry.npm.taobao.org/combined-stream/download/combined-stream-1.0.6.tgz",
              "bundled": true,
              "dependencies": {
                "delayed-stream": {
                  "version": "http://registry.npm.taobao.org/delayed-stream/download/delayed-stream-1.0.0.tgz",
                  "bundled": true
                }
              }
            },
            "extend": {
              "version": "http://registry.npm.taobao.org/extend/download/extend-3.0.1.tgz",
              "bundled": true
            },
            "forever-agent": {
              "version": "http://registry.npm.taobao.org/forever-agent/download/forever-agent-0.6.1.tgz",
              "bundled": true
            },
            "form-data": {
              "version": "http://registry.npm.taobao.org/form-data/download/form-data-2.3.2.tgz",
              "bundled": true,
              "dependencies": {
                "asynckit": {
                  "version": "http://registry.npm.taobao.org/asynckit/download/asynckit-0.4.0.tgz"
                },
                "combined-stream": {
                  "version": "http://registry.npm.taobao.org/combined-stream/download/combined-stream-1.0.6.tgz"
                },
                "mime-types": {
                  "version": "http://registry.npm.taobao.org/mime-types/download/mime-types-2.1.18.tgz",
                  "dependencies": {
                    "mime-db": {
                      "version": "http://registry.npm.taobao.org/mime-db/download/mime-db-1.33.0.tgz"
                    }
                  }
                }
              }
            },
            "har-validator": {
              "version": "http://registry.npm.taobao.org/har-validator/download/har-validator-5.0.3.tgz",
              "bundled": true
            },
            "hawk": {
              "version": "http://registry.npm.taobao.org/hawk/download/hawk-6.0.2.tgz",
              "bundled": true
            },
            "http-signature": {
              "version": "http://registry.npm.taobao.org/http-signature/download/http-signature-1.2.0.tgz",
              "bundled": true
            },
            "is-typedarray": {
              "version": "http://registry.npm.taobao.org/is-typedarray/download/is-typedarray-1.0.0.tgz",
              "bundled": true
            },
            "isstream": {
              "version": "http://registry.npm.taobao.org/isstream/download/isstream-0.1.2.tgz",
              "bundled": true
            },
            "json-stringify-safe": {
              "version": "http://registry.npm.taobao.org/json-stringify-safe/download/json-stringify-safe-5.0.1.tgz",
              "bundled": true
            },
            "mime-types": {
              "version": "http://registry.npm.taobao.org/mime-types/download/mime-types-2.1.18.tgz",
              "bundled": true,
              "dependencies": {
                "mime-db": {
                  "version": "http://registry.npm.taobao.org/mime-db/download/mime-db-1.33.0.tgz"
                }
              }
            },
            "oauth-sign": {
              "version": "http://registry.npm.taobao.org/oauth-sign/download/oauth-sign-0.8.2.tgz",
              "bundled": true
            },
            "performance-now": {
              "version": "http://registry.npm.taobao.org/performance-now/download/performance-now-2.1.0.tgz",
              "bundled": true
            },
            "qs": {
              "version": "http://registry.npm.taobao.org/qs/download/qs-6.5.2.tgz",
              "bundled": true
            },
            "safe-buffer": {
              "version": "http://registry.npm.taobao.org/safe-buffer/download/safe-buffer-5.1.2.tgz",
              "bundled": true
            },
            "stringstream": {
              "version": "http://registry.npm.taobao.org/stringstream/download/stringstream-0.0.5.tgz",
              "bundled": true
            },
            "tough-cookie": {
              "version": "http://registry.npm.taobao.org/tough-cookie/download/tough-cookie-2.3.4.tgz",
              "bundled": true
            },
            "tunnel-agent": {
              "version": "http://registry.npm.taobao.org/tunnel-agent/download/tunnel-agent-0.6.0.tgz",
              "bundled": true
            },
            "uuid": {
              "version": "http://registry.npm.taobao.org/uuid/download/uuid-3.2.1.tgz",
              "bundled": true
            }
          }
        },
        "retry-promise": {
          "version": "http://registry.npm.taobao.org/retry-promise/download/retry-promise-1.0.0.tgz",
          "bundled": true
        },
        "rx-queue": {
          "version": "http://registry.npm.taobao.org/rx-queue/download/rx-queue-0.3.14.tgz",
          "bundled": true
        },
        "rxjs": {
          "version": "http://registry.npm.taobao.org/rxjs/download/rxjs-5.5.10.tgz",
          "bundled": true
        },
        "state-switch": {
          "version": "http://registry.npm.taobao.org/state-switch/download/state-switch-0.4.5.tgz",
          "bundled": true
        },
        "watchdog": {
          "version": "http://registry.npm.taobao.org/watchdog/download/watchdog-0.3.4.tgz",
          "bundled": true
        },
        "ws": {
          "version": "http://registry.npm.taobao.org/ws/download/ws-5.1.1.tgz",
          "bundled": true
        },
        "xml2js": {
          "version": "http://registry.npm.taobao.org/xml2js/download/xml2js-0.4.19.tgz",
          "bundled": true
        }
      }
    }
  }
}
